
Microsoft Visual Studio Solution File, Format Version 12.00
# Visual Studio Version 17
VisualStudioVersion = 17.1.32228.430
MinimumVisualStudioVersion = 15.0.26124.0
Project("{9A19103F-16F7-4668-BE54-9A1E7A4F7556}") = "Konscious.Security.Cryptography.Argon2", "Konscious.Security.Cryptography.Argon2\Konscious.Security.Cryptography.Argon2.csproj", "{FBDEA76A-81E3-4B19-B7FB-736895046D78}"
EndProject
Project("{9A19103F-16F7-4668-BE54-9A1E7A4F7556}") = "Konscious.Security.Cryptography.Argon2.Test", "Konscious.Security.Cryptography.Argon2.Test\Konscious.Security.Cryptography.Argon2.Test.csproj", "{F9373017-7117-407C-A693-92EAFB0E3463}"
EndProject
Project("{9A19103F-16F7-4668-BE54-9A1E7A4F7556}") = "Konscious.Security.Cryptography.Blake2", "Konscious.Security.Cryptography.Blake2\Konscious.Security.Cryptography.Blake2.csproj", "{C37E33E7-F1AC-459F-8C13-1BB4BB791676}"
EndProject
Project("{9A19103F-16F7-4668-BE54-9A1E7A4F7556}") = "Konscious.Security.Cryptography.Blake2.Test", "Konscious.Security.Cryptography.Blake2.Test\Konscious.Security.Cryptography.Blake2.Test.csproj", "{D44BDCA1-0E9A-4E60-AE68-A2A9AC3CA847}"
EndProject
Project("{9A19103F-16F7-4668-BE54-9A1E7A4F7556}") = "ArgonBenchmarks", "ArgonBenchmarks\ArgonBenchmarks.csproj", "{4BA60B55-CF4F-46A8-8C94-EEE4EDE13916}"
EndProject
Project("{9A19103F-16F7-4668-BE54-9A1E7A4F7556}") = "ComparisonHarness", "ComparisonHarness\ComparisonHarness.csproj", "{6A43B604-F49B-49E1-88CC-310E55BC8F18}"
EndProject
Project("{FAE04EC0-301F-11D3-BF4B-00C04F79EFBC}") = "Blake2Benchmarks", "Blake2Benchmarks\Blake2Benchmarks.csproj", "{09637C5D-B1E0-4CCB-A2B1-06370DCC0F15}"
EndProject
Global
	GlobalSection(SolutionConfigurationPlatforms) = preSolution
		Debug|Any CPU = Debug|Any CPU
		Debug|x64 = Debug|x64
		Debug|x86 = Debug|x86
		Release|Any CPU = Release|Any CPU
		Release|x64 = Release|x64
		Release|x86 = Release|x86
	EndGlobalSection
	GlobalSection(ProjectConfigurationPlatforms) = postSolution
		{FBDEA76A-81E3-4B19-B7FB-736895046D78}.Debug|Any CPU.ActiveCfg = Debug|Any CPU
		{FBDEA76A-81E3-4B19-B7FB-736895046D78}.Debug|Any CPU.Build.0 = Debug|Any CPU
		{FBDEA76A-81E3-4B19-B7FB-736895046D78}.Debug|x64.ActiveCfg = Debug|Any CPU
		{FBDEA76A-81E3-4B19-B7FB-736895046D78}.Debug|x64.Build.0 = Debug|Any CPU
		{FBDEA76A-81E3-4B19-B7FB-736895046D78}.Debug|x86.ActiveCfg = Debug|Any CPU
		{FBDEA76A-81E3-4B19-B7FB-736895046D78}.Debug|x86.Build.0 = Debug|Any CPU
		{FBDEA76A-81E3-4B19-B7FB-736895046D78}.Release|Any CPU.ActiveCfg = Release|Any CPU
		{FBDEA76A-81E3-4B19-B7FB-736895046D78}.Release|Any CPU.Build.0 = Release|Any CPU
		{FBDEA76A-81E3-4B19-B7FB-736895046D78}.Release|x64.ActiveCfg = Release|Any CPU
		{FBDEA76A-81E3-4B19-B7FB-736895046D78}.Release|x64.Build.0 = Release|Any CPU
		{FBDEA76A-81E3-4B19-B7FB-736895046D78}.Release|x86.ActiveCfg = Release|Any CPU
		{FBDEA76A-81E3-4B19-B7FB-736895046D78}.Release|x86.Build.0 = Release|Any CPU
		{F9373017-7117-407C-A693-92EAFB0E3463}.Debug|Any CPU.ActiveCfg = Debug|Any CPU
		{F9373017-7117-407C-A693-92EAFB0E3463}.Debug|Any CPU.Build.0 = Debug|Any CPU
		{F9373017-7117-407C-A693-92EAFB0E3463}.Debug|x64.ActiveCfg = Debug|Any CPU
		{F9373017-7117-407C-A693-92EAFB0E3463}.Debug|x64.Build.0 = Debug|Any CPU
		{F9373017-7117-407C-A693-92EAFB0E3463}.Debug|x86.ActiveCfg = Debug|Any CPU
		{F9373017-7117-407C-A693-92EAFB0E3463}.Debug|x86.Build.0 = Debug|Any CPU
		{F9373017-7117-407C-A693-92EAFB0E3463}.Release|Any CPU.ActiveCfg = Release|Any CPU
		{F9373017-7117-407C-A693-92EAFB0E3463}.Release|Any CPU.Build.0 = Release|Any CPU
		{F9373017-7117-407C-A693-92EAFB0E3463}.Release|x64.ActiveCfg = Release|Any CPU
		{F9373017-7117-407C-A693-92EAFB0E3463}.Release|x64.Build.0 = Release|Any CPU
		{F9373017-7117-407C-A693-92EAFB0E3463}.Release|x86.ActiveCfg = Release|Any CPU
		{F9373017-7117-407C-A693-92EAFB0E3463}.Release|x86.Build.0 = Release|Any CPU
		{C37E33E7-F1AC-459F-8C13-1BB4BB791676}.Debug|Any CPU.ActiveCfg = Debug|Any CPU
		{C37E33E7-F1AC-459F-8C13-1BB4BB791676}.Debug|Any CPU.Build.0 = Debug|Any CPU
		{C37E33E7-F1AC-459F-8C13-1BB4BB791676}.Debug|x64.ActiveCfg = Debug|Any CPU
		{C37E33E7-F1AC-459F-8C13-1BB4BB791676}.Debug|x64.Build.0 = Debug|Any CPU
		{C37E33E7-F1AC-459F-8C13-1BB4BB791676}.Debug|x86.ActiveCfg = Debug|Any CPU
		{C37E33E7-F1AC-459F-8C13-1BB4BB791676}.Debug|x86.Build.0 = Debug|Any CPU
		{C37E33E7-F1AC-459F-8C13-1BB4BB791676}.Release|Any CPU.ActiveCfg = Release|Any CPU
		{C37E33E7-F1AC-459F-8C13-1BB4BB791676}.Release|Any CPU.Build.0 = Release|Any CPU
		{C37E33E7-F1AC-459F-8C13-1BB4BB791676}.Release|x64.ActiveCfg = Release|Any CPU
		{C37E33E7-F1AC-459F-8C13-1BB4BB791676}.Release|x64.Build.0 = Release|Any CPU
		{C37E33E7-F1AC-459F-8C13-1BB4BB791676}.Release|x86.ActiveCfg = Release|Any CPU
		{C37E33E7-F1AC-459F-8C13-1BB4BB791676}.Release|x86.Build.0 = Release|Any CPU
		{D44BDCA1-0E9A-4E60-AE68-A2A9AC3CA847}.Debug|Any CPU.ActiveCfg = Debug|Any CPU
		{D44BDCA1-0E9A-4E60-AE68-A2A9AC3CA847}.Debug|Any CPU.Build.0 = Debug|Any CPU
		{D44BDCA1-0E9A-4E60-AE68-A2A9AC3CA847}.Debug|x64.ActiveCfg = Debug|Any CPU
		{D44BDCA1-0E9A-4E60-AE68-A2A9AC3CA847}.Debug|x64.Build.0 = Debug|Any CPU
		{D44BDCA1-0E9A-4E60-AE68-A2A9AC3CA847}.Debug|x86.ActiveCfg = Debug|Any CPU
		{D44BDCA1-0E9A-4E60-AE68-A2A9AC3CA847}.Debug|x86.Build.0 = Debug|Any CPU
		{D44BDCA1-0E9A-4E60-AE68-A2A9AC3CA847}.Release|Any CPU.ActiveCfg = Release|Any CPU
		{D44BDCA1-0E9A-4E60-AE68-A2A9AC3CA847}.Release|Any CPU.Build.0 = Release|Any CPU
		{D44BDCA1-0E9A-4E60-AE68-A2A9AC3CA847}.Release|x64.ActiveCfg = Release|Any CPU
		{D44BDCA1-0E9A-4E60-AE68-A2A9AC3CA847}.Release|x64.Build.0 = Release|Any CPU
		{D44BDCA1-0E9A-4E60-AE68-A2A9AC3CA847}.Release|x86.ActiveCfg = Release|Any CPU
		{D44BDCA1-0E9A-4E60-AE68-A2A9AC3CA847}.Release|x86.Build.0 = Release|Any CPU
		{4BA60B55-CF4F-46A8-8C94-EEE4EDE13916}.Debug|Any CPU.ActiveCfg = Debug|Any CPU
		{4BA60B55-CF4F-46A8-8C94-EEE4EDE13916}.Debug|Any CPU.Build.0 = Debug|Any CPU
		{4BA60B55-CF4F-46A8-8C94-EEE4EDE13916}.Debug|x64.ActiveCfg = Debug|Any CPU
		{4BA60B55-CF4F-46A8-8C94-EEE4EDE13916}.Debug|x64.Build.0 = Debug|Any CPU
		{4BA60B55-CF4F-46A8-8C94-EEE4EDE13916}.Debug|x86.ActiveCfg = Debug|Any CPU
		{4BA60B55-CF4F-46A8-8C94-EEE4EDE13916}.Debug|x86.Build.0 = Debug|Any CPU
		{4BA60B55-CF4F-46A8-8C94-EEE4EDE13916}.Release|Any CPU.ActiveCfg = Release|Any CPU
		{4BA60B55-CF4F-46A8-8C94-EEE4EDE13916}.Release|Any CPU.Build.0 = Release|Any CPU
		{4BA60B55-CF4F-46A8-8C94-EEE4EDE13916}.Release|x64.ActiveCfg = Release|Any CPU
		{4BA60B55-CF4F-46A8-8C94-EEE4EDE13916}.Release|x64.Build.0 = Release|Any CPU
		{4BA60B55-CF4F-46A8-8C94-EEE4EDE13916}.Release|x86.ActiveCfg = Release|Any CPU
		{4BA60B55-CF4F-46A8-8C94-EEE4EDE13916}.Release|x86.Build.0 = Release|Any CPU
		{6A43B604-F49B-49E1-88CC-310E55BC8F18}.Debug|Any CPU.ActiveCfg = Debug|Any CPU
		{6A43B604-F49B-49E1-88CC-310E55BC8F18}.Debug|Any CPU.Build.0 = Debug|Any CPU
		{6A43B604-F49B-49E1-88CC-310E55BC8F18}.Debug|x64.ActiveCfg = Debug|Any CPU
		{6A43B604-F49B-49E1-88CC-310E55BC8F18}.Debug|x64.Build.0 = Debug|Any CPU
		{6A43B604-F49B-49E1-88CC-310E55BC8F18}.Debug|x86.ActiveCfg = Debug|Any CPU
		{6A43B604-F49B-49E1-88CC-310E55BC8F18}.Debug|x86.Build.0 = Debug|Any CPU
		{6A43B604-F49B-49E1-88CC-310E55BC8F18}.Release|Any CPU.ActiveCfg = Release|Any CPU
		{6A43B604-F49B-49E1-88CC-310E55BC8F18}.Release|Any CPU.Build.0 = Release|Any CPU
		{6A43B604-F49B-49E1-88CC-310E55BC8F18}.Release|x64.ActiveCfg = Release|Any CPU
		{6A43B604-F49B-49E1-88CC-310E55BC8F18}.Release|x64.Build.0 = Release|Any CPU
		{6A43B604-F49B-49E1-88CC-310E55BC8F18}.Release|x86.ActiveCfg = Release|Any CPU
		{6A43B604-F49B-49E1-88CC-310E55BC8F18}.Release|x86.Build.0 = Release|Any CPU
		{09637C5D-B1E0-4CCB-A2B1-06370DCC0F15}.Debug|Any CPU.ActiveCfg = Debug|Any CPU
		{09637C5D-B1E0-4CCB-A2B1-06370DCC0F15}.Debug|Any CPU.Build.0 = Debug|Any CPU
		{09637C5D-B1E0-4CCB-A2B1-06370DCC0F15}.Debug|x64.ActiveCfg = Debug|Any CPU
		{09637C5D-B1E0-4CCB-A2B1-06370DCC0F15}.Debug|x64.Build.0 = Debug|Any CPU
		{09637C5D-B1E0-4CCB-A2B1-06370DCC0F15}.Debug|x86.ActiveCfg = Debug|Any CPU
		{09637C5D-B1E0-4CCB-A2B1-06370DCC0F15}.Debug|x86.Build.0 = Debug|Any CPU
		{09637C5D-B1E0-4CCB-A2B1-06370DCC0F15}.Release|Any CPU.ActiveCfg = Release|Any CPU
		{09637C5D-B1E0-4CCB-A2B1-06370DCC0F15}.Release|Any CPU.Build.0 = Release|Any CPU
		{09637C5D-B1E0-4CCB-A2B1-06370DCC0F15}.Release|x64.ActiveCfg = Release|Any CPU
		{09637C5D-B1E0-4CCB-A2B1-06370DCC0F15}.Release|x64.Build.0 = Release|Any CPU
		{09637C5D-B1E0-4CCB-A2B1-06370DCC0F15}.Release|x86.ActiveCfg = Release|Any CPU
		{09637C5D-B1E0-4CCB-A2B1-06370DCC0F15}.Release|x86.Build.0 = Release|Any CPU
	EndGlobalSection
	GlobalSection(SolutionProperties) = preSolution
		HideSolutionNode = FALSE
	EndGlobalSection
	GlobalSection(ExtensibilityGlobals) = postSolution
		SolutionGuid = {BAAA29C5-A00A-4004-8BF0-8F0204225B2B}
	EndGlobalSection
EndGlobal
